
Microsoft Visual Studio Solution File, Format Version 12.00
# Visual Studio Version 17
VisualStudioVersion = 17.8.34316.72
MinimumVisualStudioVersion = 10.0.40219.1
Project("{FAE04EC0-301F-11D3-BF4B-00C04F79EFBC}") = "WinFormsApp1", "WinFormsApp1\WinFormsApp1.csproj", "{676E619F-D2DA-41E7-9A54-161FB93BC54D}"
EndProject
Global
	GlobalSection(SolutionConfigurationPlatforms) = preSolution
		Debug|Any CPU = Debug|Any CPU
		Release|Any CPU = Release|Any CPU
	EndGlobalSection
	GlobalSection(ProjectConfigurationPlatforms) = postSolution
		{676E619F-D2DA-41E7-9A54-161FB93BC54D}.Debug|Any CPU.ActiveCfg = Debug|Any CPU
		{676E619F-D2DA-41E7-9A54-161FB93BC54D}.Debug|Any CPU.Build.0 = Debug|Any CPU
		{676E619F-D2DA-41E7-9A54-161FB93BC54D}.Release|Any CPU.ActiveCfg = Release|Any CPU
		{676E619F-D2DA-41E7-9A54-161FB93BC54D}.Release|Any CPU.Build.0 = Release|Any CPU
	EndGlobalSection
	GlobalSection(SolutionProperties) = preSolution
		HideSolutionNode = FALSE
	EndGlobalSection
	GlobalSection(ExtensibilityGlobals) = postSolution
		SolutionGuid = {F4EF8B07-0359-4755-831A-CB122221F9C3}
	EndGlobalSection
EndGlobal
